
Microsoft Visual Studio Solution File, Format Version 12.00
# Visual Studio Version 17
VisualStudioVersion = 17.2.32526.322
MinimumVisualStudioVersion = 10.0.40219.1
Project("{FAE04EC0-301F-11D3-BF4B-00C04F79EFBC}") = "StockManagement.API", "StockManagement.API\StockManagement.API.csproj", "{5C47E825-B8E8-4683-B34B-941ED84861D8}"
EndProject
Project("{FAE04EC0-301F-11D3-BF4B-00C04F79EFBC}") = "StockManagement.DataAccess", "StockManagement.DataAccess\StockManagement.DataAccess.csproj", "{CB818B42-90EF-44AF-BE93-6F8E7BF69E83}"
EndProject
Project("{FAE04EC0-301F-11D3-BF4B-00C04F79EFBC}") = "StockManagement.Models", "StockManagement.Models\StockManagement.Models.csproj", "{1FB51280-A2CE-48F7-942B-B30A0BE19A04}"
EndProject
Project("{FAE04EC0-301F-11D3-BF4B-00C04F79EFBC}") = "Stock.Services", "Stock.Services\Stock.Services.csproj", "{727B9F10-285D-4C51-B20B-84ADCCB5CDA6}"
EndProject
Global
	GlobalSection(SolutionConfigurationPlatforms) = preSolution
		Debug|Any CPU = Debug|Any CPU
		Release|Any CPU = Release|Any CPU
	EndGlobalSection
	GlobalSection(ProjectConfigurationPlatforms) = postSolution
		{5C47E825-B8E8-4683-B34B-941ED84861D8}.Debug|Any CPU.ActiveCfg = Debug|Any CPU
		{5C47E825-B8E8-4683-B34B-941ED84861D8}.Debug|Any CPU.Build.0 = Debug|Any CPU
		{5C47E825-B8E8-4683-B34B-941ED84861D8}.Release|Any CPU.ActiveCfg = Release|Any CPU
		{5C47E825-B8E8-4683-B34B-941ED84861D8}.Release|Any CPU.Build.0 = Release|Any CPU
		{CB818B42-90EF-44AF-BE93-6F8E7BF69E83}.Debug|Any CPU.ActiveCfg = Debug|Any CPU
		{CB818B42-90EF-44AF-BE93-6F8E7BF69E83}.Debug|Any CPU.Build.0 = Debug|Any CPU
		{CB818B42-90EF-44AF-BE93-6F8E7BF69E83}.Release|Any CPU.ActiveCfg = Release|Any CPU
		{CB818B42-90EF-44AF-BE93-6F8E7BF69E83}.Release|Any CPU.Build.0 = Release|Any CPU
		{1FB51280-A2CE-48F7-942B-B30A0BE19A04}.Debug|Any CPU.ActiveCfg = Debug|Any CPU
		{1FB51280-A2CE-48F7-942B-B30A0BE19A04}.Debug|Any CPU.Build.0 = Debug|Any CPU
		{1FB51280-A2CE-48F7-942B-B30A0BE19A04}.Release|Any CPU.ActiveCfg = Release|Any CPU
		{1FB51280-A2CE-48F7-942B-B30A0BE19A04}.Release|Any CPU.Build.0 = Release|Any CPU
		{727B9F10-285D-4C51-B20B-84ADCCB5CDA6}.Debug|Any CPU.ActiveCfg = Debug|Any CPU
		{727B9F10-285D-4C51-B20B-84ADCCB5CDA6}.Debug|Any CPU.Build.0 = Debug|Any CPU
		{727B9F10-285D-4C51-B20B-84ADCCB5CDA6}.Release|Any CPU.ActiveCfg = Release|Any CPU
		{727B9F10-285D-4C51-B20B-84ADCCB5CDA6}.Release|Any CPU.Build.0 = Release|Any CPU
	EndGlobalSection
	GlobalSection(SolutionProperties) = preSolution
		HideSolutionNode = FALSE
	EndGlobalSection
	GlobalSection(ExtensibilityGlobals) = postSolution
		SolutionGuid = {1C35D2D8-4231-41E9-ACB6-9BF0BBBA39C6}
	EndGlobalSection
EndGlobal
